// !$*UTF8*$!
{
	archiveVersion = 1;
	classes = {
	};
	objectVersion = 56;
	objects = {

/* Begin PBXBuildFile section */
		848C65422C2836DD00E54C65 /* Transaction.swift in Sources */ = {isa = PBXBuildFile; fileRef = 848C65412C2836DD00E54C65 /* Transaction.swift */; };
		848C65442C283B5500E54C65 /* TransactionManager.swift in Sources */ = {isa = PBXBuildFile; fileRef = 848C65432C283B5500E54C65 /* TransactionManager.swift */; };
		84CD258B2C22C8CA008EFC0E /* AppDelegate.swift in Sources */ = {isa = PBXBuildFile; fileRef = 84CD258A2C22C8CA008EFC0E /* AppDelegate.swift */; };
		84CD258D2C22C8CA008EFC0E /* SceneDelegate.swift in Sources */ = {isa = PBXBuildFile; fileRef = 84CD258C2C22C8CA008EFC0E /* SceneDelegate.swift */; };
		84CD258F2C22C8CA008EFC0E /* MainViewController.swift in Sources */ = {isa = PBXBuildFile; fileRef = 84CD258E2C22C8CA008EFC0E /* MainViewController.swift */; };
		84CD25922C22C8CA008EFC0E /* Base in Resources */ = {isa = PBXBuildFile; fileRef = 84CD25912C22C8CA008EFC0E /* Base */; };
		84CD25942C22C8CB008EFC0E /* Assets.xcassets in Resources */ = {isa = PBXBuildFile; fileRef = 84CD25932C22C8CB008EFC0E /* Assets.xcassets */; };
		84CD25972C22C8CB008EFC0E /* Base in Resources */ = {isa = PBXBuildFile; fileRef = 84CD25962C22C8CB008EFC0E /* Base */; };
		84CD25A22C22C8CB008EFC0E /* QR_PaymentTests.swift in Sources */ = {isa = PBXBuildFile; fileRef = 84CD25A12C22C8CB008EFC0E /* QR_PaymentTests.swift */; };
		84CD25AC2C22C8CB008EFC0E /* QR_PaymentUITests.swift in Sources */ = {isa = PBXBuildFile; fileRef = 84CD25AB2C22C8CB008EFC0E /* QR_PaymentUITests.swift */; };
		84CD25AE2C22C8CB008EFC0E /* QR_PaymentUITestsLaunchTests.swift in Sources */ = {isa = PBXBuildFile; fileRef = 84CD25AD2C22C8CB008EFC0E /* QR_PaymentUITestsLaunchTests.swift */; };
		84E68F872C2540B9009778ED /* TrxHistoryViewController.swift in Sources */ = {isa = PBXBuildFile; fileRef = 84E68F862C2540B9009778ED /* TrxHistoryViewController.swift */; };
		84E68F892C2540FE009778ED /* BillViewController.swift in Sources */ = {isa = PBXBuildFile; fileRef = 84E68F882C2540FE009778ED /* BillViewController.swift */; };
		84E68F8B2C25411B009778ED /* TrxReceiptViewController.swift in Sources */ = {isa = PBXBuildFile; fileRef = 84E68F8A2C25411B009778ED /* TrxReceiptViewController.swift */; };
		84E68F8F2C2545F6009778ED /* User.swift in Sources */ = {isa = PBXBuildFile; fileRef = 84E68F8E2C2545F6009778ED /* User.swift */; };
		84E68F922C25488E009778ED /* UserManager.swift in Sources */ = {isa = PBXBuildFile; fileRef = 84E68F912C25488E009778ED /* UserManager.swift */; };
		84E68F942C25492D009778ED /* QR.swift in Sources */ = {isa = PBXBuildFile; fileRef = 84E68F932C25492D009778ED /* QR.swift */; };
		84E68F962C254951009778ED /* QRManager.swift in Sources */ = {isa = PBXBuildFile; fileRef = 84E68F952C254951009778ED /* QRManager.swift */; };
/* End PBXBuildFile section */

/* Begin PBXContainerItemProxy section */
		84CD259E2C22C8CB008EFC0E /* PBXContainerItemProxy */ = {
			isa = PBXContainerItemProxy;
			containerPortal = 84CD257F2C22C8CA008EFC0E /* Project object */;
			proxyType = 1;
			remoteGlobalIDString = 84CD25862C22C8CA008EFC0E;
			remoteInfo = "QR Payment";
		};
		84CD25A82C22C8CB008EFC0E /* PBXContainerItemProxy */ = {
			isa = PBXContainerItemProxy;
			containerPortal = 84CD257F2C22C8CA008EFC0E /* Project object */;
			proxyType = 1;
			remoteGlobalIDString = 84CD25862C22C8CA008EFC0E;
			remoteInfo = "QR Payment";
		};
/* End PBXContainerItemProxy section */

/* Begin PBXFileReference section */
		848C65412C2836DD00E54C65 /* Transaction.swift */ = {isa = PBXFileReference; lastKnownFileType = sourcecode.swift; path = Transaction.swift; sourceTree = "<group>"; };
		848C65432C283B5500E54C65 /* TransactionManager.swift */ = {isa = PBXFileReference; lastKnownFileType = sourcecode.swift; path = TransactionManager.swift; sourceTree = "<group>"; };
		84CD25872C22C8CA008EFC0E /* QR Payment.app */ = {isa = PBXFileReference; explicitFileType = wrapper.application; includeInIndex = 0; path = "QR Payment.app"; sourceTree = BUILT_PRODUCTS_DIR; };
		84CD258A2C22C8CA008EFC0E /* AppDelegate.swift */ = {isa = PBXFileReference; lastKnownFileType = sourcecode.swift; path = AppDelegate.swift; sourceTree = "<group>"; };
		84CD258C2C22C8CA008EFC0E /* SceneDelegate.swift */ = {isa = PBXFileReference; lastKnownFileType = sourcecode.swift; path = SceneDelegate.swift; sourceTree = "<group>"; };
		84CD258E2C22C8CA008EFC0E /* MainViewController.swift */ = {isa = PBXFileReference; lastKnownFileType = sourcecode.swift; path = MainViewController.swift; sourceTree = "<group>"; };
		84CD25912C22C8CA008EFC0E /* Base */ = {isa = PBXFileReference; lastKnownFileType = file.storyboard; name = Base; path = Base.lproj/Main.storyboard; sourceTree = "<group>"; };
		84CD25932C22C8CB008EFC0E /* Assets.xcassets */ = {isa = PBXFileReference; lastKnownFileType = folder.assetcatalog; path = Assets.xcassets; sourceTree = "<group>"; };
		84CD25962C22C8CB008EFC0E /* Base */ = {isa = PBXFileReference; lastKnownFileType = file.storyboard; name = Base; path = Base.lproj/LaunchScreen.storyboard; sourceTree = "<group>"; };
		84CD25982C22C8CB008EFC0E /* Info.plist */ = {isa = PBXFileReference; lastKnownFileType = text.plist.xml; path = Info.plist; sourceTree = "<group>"; };
		84CD259D2C22C8CB008EFC0E /* QR PaymentTests.xctest */ = {isa = PBXFileReference; explicitFileType = wrapper.cfbundle; includeInIndex = 0; path = "QR PaymentTests.xctest"; sourceTree = BUILT_PRODUCTS_DIR; };
		84CD25A12C22C8CB008EFC0E /* QR_PaymentTests.swift */ = {isa = PBXFileReference; lastKnownFileType = sourcecode.swift; path = QR_PaymentTests.swift; sourceTree = "<group>"; };
		84CD25A72C22C8CB008EFC0E /* QR PaymentUITests.xctest */ = {isa = PBXFileReference; explicitFileType = wrapper.cfbundle; includeInIndex = 0; path = "QR PaymentUITests.xctest"; sourceTree = BUILT_PRODUCTS_DIR; };
		84CD25AB2C22C8CB008EFC0E /* QR_PaymentUITests.swift */ = {isa = PBXFileReference; lastKnownFileType = sourcecode.swift; path = QR_PaymentUITests.swift; sourceTree = "<group>"; };
		84CD25AD2C22C8CB008EFC0E /* QR_PaymentUITestsLaunchTests.swift */ = {isa = PBXFileReference; lastKnownFileType = sourcecode.swift; path = QR_PaymentUITestsLaunchTests.swift; sourceTree = "<group>"; };
		84E68F862C2540B9009778ED /* TrxHistoryViewController.swift */ = {isa = PBXFileReference; lastKnownFileType = sourcecode.swift; path = TrxHistoryViewController.swift; sourceTree = "<group>"; };
		84E68F882C2540FE009778ED /* BillViewController.swift */ = {isa = PBXFileReference; lastKnownFileType = sourcecode.swift; path = BillViewController.swift; sourceTree = "<group>"; };
		84E68F8A2C25411B009778ED /* TrxReceiptViewController.swift */ = {isa = PBXFileReference; lastKnownFileType = sourcecode.swift; path = TrxReceiptViewController.swift; sourceTree = "<group>"; };
		84E68F8E2C2545F6009778ED /* User.swift */ = {isa = PBXFileReference; lastKnownFileType = sourcecode.swift; path = User.swift; sourceTree = "<group>"; };
		84E68F912C25488E009778ED /* UserManager.swift */ = {isa = PBXFileReference; lastKnownFileType = sourcecode.swift; path = UserManager.swift; sourceTree = "<group>"; };
		84E68F932C25492D009778ED /* QR.swift */ = {isa = PBXFileReference; lastKnownFileType = sourcecode.swift; path = QR.swift; sourceTree = "<group>"; };
		84E68F952C254951009778ED /* QRManager.swift */ = {isa = PBXFileReference; lastKnownFileType = sourcecode.swift; path = QRManager.swift; sourceTree = "<group>"; };
/* End PBXFileReference section */

/* Begin PBXFrameworksBuildPhase section */
		84CD25842C22C8CA008EFC0E /* Frameworks */ = {
			isa = PBXFrameworksBuildPhase;
			buildActionMask = 2147483647;
			files = (
			);
			runOnlyForDeploymentPostprocessing = 0;
		};
		84CD259A2C22C8CB008EFC0E /* Frameworks */ = {
			isa = PBXFrameworksBuildPhase;
			buildActionMask = 2147483647;
			files = (
			);
			runOnlyForDeploymentPostprocessing = 0;
		};
		84CD25A42C22C8CB008EFC0E /* Frameworks */ = {
			isa = PBXFrameworksBuildPhase;
			buildActionMask = 2147483647;
			files = (
			);
			runOnlyForDeploymentPostprocessing = 0;
		};
/* End PBXFrameworksBuildPhase section */

/* Begin PBXGroup section */
		8448F51F2C253AC50094336B /* Views */ = {
			isa = PBXGroup;
			children = (
				84CD25902C22C8CA008EFC0E /* Main.storyboard */,
			);
			path = Views;
			sourceTree = "<group>";
		};
		8448F5202C253ADA0094336B /* Controller */ = {
			isa = PBXGroup;
			children = (
				84CD258E2C22C8CA008EFC0E /* MainViewController.swift */,
				84E68F882C2540FE009778ED /* BillViewController.swift */,
				84E68F8A2C25411B009778ED /* TrxReceiptViewController.swift */,
				84E68F862C2540B9009778ED /* TrxHistoryViewController.swift */,
			);
			path = Controller;
			sourceTree = "<group>";
		};
		8448F5212C253AE00094336B /* Model */ = {
			isa = PBXGroup;
			children = (
				84E68F8E2C2545F6009778ED /* User.swift */,
				84E68F912C25488E009778ED /* UserManager.swift */,
				84E68F932C25492D009778ED /* QR.swift */,
				84E68F952C254951009778ED /* QRManager.swift */,
				848C65412C2836DD00E54C65 /* Transaction.swift */,
				848C65432C283B5500E54C65 /* TransactionManager.swift */,
			);
			path = Model;
			sourceTree = "<group>";
		};
		84CD257E2C22C8CA008EFC0E = {
			isa = PBXGroup;
			children = (
				84CD25892C22C8CA008EFC0E /* QR Payment */,
				84CD25A02C22C8CB008EFC0E /* QR PaymentTests */,
				84CD25AA2C22C8CB008EFC0E /* QR PaymentUITests */,
				84CD25882C22C8CA008EFC0E /* Products */,
			);
			sourceTree = "<group>";
		};
		84CD25882C22C8CA008EFC0E /* Products */ = {
			isa = PBXGroup;
			children = (
				84CD25872C22C8CA008EFC0E /* QR Payment.app */,
				84CD259D2C22C8CB008EFC0E /* QR PaymentTests.xctest */,
				84CD25A72C22C8CB008EFC0E /* QR PaymentUITests.xctest */,
			);
			name = Products;
			sourceTree = "<group>";
		};
		84CD25892C22C8CA008EFC0E /* QR Payment */ = {
			isa = PBXGroup;
			children = (
				8448F5212C253AE00094336B /* Model */,
				8448F51F2C253AC50094336B /* Views */,
				8448F5202C253ADA0094336B /* Controller */,
				84CD258A2C22C8CA008EFC0E /* AppDelegate.swift */,
				84CD258C2C22C8CA008EFC0E /* SceneDelegate.swift */,
				84CD25932C22C8CB008EFC0E /* Assets.xcassets */,
				84CD25952C22C8CB008EFC0E /* LaunchScreen.storyboard */,
				84CD25982C22C8CB008EFC0E /* Info.plist */,
			);
			path = "QR Payment";
			sourceTree = "<group>";
		};
		84CD25A02C22C8CB008EFC0E /* QR PaymentTests */ = {
			isa = PBXGroup;
			children = (
				84CD25A12C22C8CB008EFC0E /* QR_PaymentTests.swift */,
			);
			path = "QR PaymentTests";
			sourceTree = "<group>";
		};
		84CD25AA2C22C8CB008EFC0E /* QR PaymentUITests */ = {
			isa = PBXGroup;
			children = (
				84CD25AB2C22C8CB008EFC0E /* QR_PaymentUITests.swift */,
				84CD25AD2C22C8CB008EFC0E /* QR_PaymentUITestsLaunchTests.swift */,
			);
			path = "QR PaymentUITests";
			sourceTree = "<group>";
		};
/* End PBXGroup section */

/* Begin PBXNativeTarget section */
		84CD25862C22C8CA008EFC0E /* QR Payment */ = {
			isa = PBXNativeTarget;
			buildConfigurationList = 84CD25B12C22C8CB008EFC0E /* Build configuration list for PBXNativeTarget "QR Payment" */;
			buildPhases = (
				84CD25832C22C8CA008EFC0E /* Sources */,
				84CD25842C22C8CA008EFC0E /* Frameworks */,
				84CD25852C22C8CA008EFC0E /* Resources */,
			);
			buildRules = (
			);
			dependencies = (
			);
			name = "QR Payment";
			productName = "QR Payment";
			productReference = 84CD25872C22C8CA008EFC0E /* QR Payment.app */;
			productType = "com.apple.product-type.application";
		};
		84CD259C2C22C8CB008EFC0E /* QR PaymentTests */ = {
			isa = PBXNativeTarget;
			buildConfigurationList = 84CD25B42C22C8CB008EFC0E /* Build configuration list for PBXNativeTarget "QR PaymentTests" */;
			buildPhases = (
				84CD25992C22C8CB008EFC0E /* Sources */,
				84CD259A2C22C8CB008EFC0E /* Frameworks */,
				84CD259B2C22C8CB008EFC0E /* Resources */,
			);
			buildRules = (
			);
			dependencies = (
				84CD259F2C22C8CB008EFC0E /* PBXTargetDependency */,
			);
			name = "QR PaymentTests";
			productName = "QR PaymentTests";
			productReference = 84CD259D2C22C8CB008EFC0E /* QR PaymentTests.xctest */;
			productType = "com.apple.product-type.bundle.unit-test";
		};
		84CD25A62C22C8CB008EFC0E /* QR PaymentUITests */ = {
			isa = PBXNativeTarget;
			buildConfigurationList = 84CD25B72C22C8CB008EFC0E /* Build configuration list for PBXNativeTarget "QR PaymentUITests" */;
			buildPhases = (
				84CD25A32C22C8CB008EFC0E /* Sources */,
				84CD25A42C22C8CB008EFC0E /* Frameworks */,
				84CD25A52C22C8CB008EFC0E /* Resources */,
			);
			buildRules = (
			);
			dependencies = (
				84CD25A92C22C8CB008EFC0E /* PBXTargetDependency */,
			);
			name = "QR PaymentUITests";
			productName = "QR PaymentUITests";
			productReference = 84CD25A72C22C8CB008EFC0E /* QR PaymentUITests.xctest */;
			productType = "com.apple.product-type.bundle.ui-testing";
		};
/* End PBXNativeTarget section */

/* Begin PBXProject section */
		84CD257F2C22C8CA008EFC0E /* Project object */ = {
			isa = PBXProject;
			attributes = {
				BuildIndependentTargetsInParallel = 1;
				LastSwiftUpdateCheck = 1540;
				LastUpgradeCheck = 1540;
				TargetAttributes = {
					84CD25862C22C8CA008EFC0E = {
						CreatedOnToolsVersion = 15.4;
					};
					84CD259C2C22C8CB008EFC0E = {
						CreatedOnToolsVersion = 15.4;
						TestTargetID = 84CD25862C22C8CA008EFC0E;
					};
					84CD25A62C22C8CB008EFC0E = {
						CreatedOnToolsVersion = 15.4;
						TestTargetID = 84CD25862C22C8CA008EFC0E;
					};
				};
			};
			buildConfigurationList = 84CD25822C22C8CA008EFC0E /* Build configuration list for PBXProject "QR Payment" */;
			compatibilityVersion = "Xcode 14.0";
			developmentRegion = en;
			hasScannedForEncodings = 0;
			knownRegions = (
				en,
				Base,
			);
			mainGroup = 84CD257E2C22C8CA008EFC0E;
			productRefGroup = 84CD25882C22C8CA008EFC0E /* Products */;
			projectDirPath = "";
			projectRoot = "";
			targets = (
				84CD25862C22C8CA008EFC0E /* QR Payment */,
				84CD259C2C22C8CB008EFC0E /* QR PaymentTests */,
				84CD25A62C22C8CB008EFC0E /* QR PaymentUITests */,
			);
		};
/* End PBXProject section */

/* Begin PBXResourcesBuildPhase section */
		84CD25852C22C8CA008EFC0E /* Resources */ = {
			isa = PBXResourcesBuildPhase;
			buildActionMask = 2147483647;
			files = (
				84CD25942C22C8CB008EFC0E /* Assets.xcassets in Resources */,
				84CD25972C22C8CB008EFC0E /* Base in Resources */,
				84CD25922C22C8CA008EFC0E /* Base in Resources */,
			);
			runOnlyForDeploymentPostprocessing = 0;
		};
		84CD259B2C22C8CB008EFC0E /* Resources */ = {
			isa = PBXResourcesBuildPhase;
			buildActionMask = 2147483647;
			files = (
			);
			runOnlyForDeploymentPostprocessing = 0;
		};
		84CD25A52C22C8CB008EFC0E /* Resources */ = {
			isa = PBXResourcesBuildPhase;
			buildActionMask = 2147483647;
			files = (
			);
			runOnlyForDeploymentPostprocessing = 0;
		};
/* End PBXResourcesBuildPhase section */

/* Begin PBXSourcesBuildPhase section */
		84CD25832C22C8CA008EFC0E /* Sources */ = {
			isa = PBXSourcesBuildPhase;
			buildActionMask = 2147483647;
			files = (
				84CD258F2C22C8CA008EFC0E /* MainViewController.swift in Sources */,
				84CD258B2C22C8CA008EFC0E /* AppDelegate.swift in Sources */,
				84E68F872C2540B9009778ED /* TrxHistoryViewController.swift in Sources */,
				84CD258D2C22C8CA008EFC0E /* SceneDelegate.swift in Sources */,
				848C65422C2836DD00E54C65 /* Transaction.swift in Sources */,
				84E68F8F2C2545F6009778ED /* User.swift in Sources */,
				84E68F892C2540FE009778ED /* BillViewController.swift in Sources */,
				84E68F8B2C25411B009778ED /* TrxReceiptViewController.swift in Sources */,
				84E68F962C254951009778ED /* QRManager.swift in Sources */,
				84E68F922C25488E009778ED /* UserManager.swift in Sources */,
				84E68F942C25492D009778ED /* QR.swift in Sources */,
				848C65442C283B5500E54C65 /* TransactionManager.swift in Sources */,
			);
			runOnlyForDeploymentPostprocessing = 0;
		};
		84CD25992C22C8CB008EFC0E /* Sources */ = {
			isa = PBXSourcesBuildPhase;
			buildActionMask = 2147483647;
			files = (
				84CD25A22C22C8CB008EFC0E /* QR_PaymentTests.swift in Sources */,
			);
			runOnlyForDeploymentPostprocessing = 0;
		};
		84CD25A32C22C8CB008EFC0E /* Sources */ = {
			isa = PBXSourcesBuildPhase;
			buildActionMask = 2147483647;
			files = (
				84CD25AE2C22C8CB008EFC0E /* QR_PaymentUITestsLaunchTests.swift in Sources */,
				84CD25AC2C22C8CB008EFC0E /* QR_PaymentUITests.swift in Sources */,
			);
			runOnlyForDeploymentPostprocessing = 0;
		};
/* End PBXSourcesBuildPhase section */

/* Begin PBXTargetDependency section */
		84CD259F2C22C8CB008EFC0E /* PBXTargetDependency */ = {
			isa = PBXTargetDependency;
			target = 84CD25862C22C8CA008EFC0E /* QR Payment */;
			targetProxy = 84CD259E2C22C8CB008EFC0E /* PBXContainerItemProxy */;
		};
		84CD25A92C22C8CB008EFC0E /* PBXTargetDependency */ = {
			isa = PBXTargetDependency;
			target = 84CD25862C22C8CA008EFC0E /* QR Payment */;
			targetProxy = 84CD25A82C22C8CB008EFC0E /* PBXContainerItemProxy */;
		};
/* End PBXTargetDependency section */

/* Begin PBXVariantGroup section */
		84CD25902C22C8CA008EFC0E /* Main.storyboard */ = {
			isa = PBXVariantGroup;
			children = (
				84CD25912C22C8CA008EFC0E /* Base */,
			);
			name = Main.storyboard;
			sourceTree = "<group>";
		};
		84CD25952C22C8CB008EFC0E /* LaunchScreen.storyboard */ = {
			isa = PBXVariantGroup;
			children = (
				84CD25962C22C8CB008EFC0E /* Base */,
			);
			name = LaunchScreen.storyboard;
			sourceTree = "<group>";
		};
/* End PBXVariantGroup section */

/* Begin XCBuildConfiguration section */
		84CD25AF2C22C8CB008EFC0E /* Debug */ = {
			isa = XCBuildConfiguration;
			buildSettings = {
				ALWAYS_SEARCH_USER_PATHS = NO;
				ASSETCATALOG_COMPILER_GENERATE_SWIFT_ASSET_SYMBOL_EXTENSIONS = YES;
				CLANG_ANALYZER_NONNULL = YES;
				CLANG_ANALYZER_NUMBER_OBJECT_CONVERSION = YES_AGGRESSIVE;
				CLANG_CXX_LANGUAGE_STANDARD = "gnu++20";
				CLANG_ENABLE_MODULES = YES;
				CLANG_ENABLE_OBJC_ARC = YES;
				CLANG_ENABLE_OBJC_WEAK = YES;
				CLANG_WARN_BLOCK_CAPTURE_AUTORELEASING = YES;
				CLANG_WARN_BOOL_CONVERSION = YES;
				CLANG_WARN_COMMA = YES;
				CLANG_WARN_CONSTANT_CONVERSION = YES;
				CLANG_WARN_DEPRECATED_OBJC_IMPLEMENTATIONS = YES;
				CLANG_WARN_DIRECT_OBJC_ISA_USAGE = YES_ERROR;
				CLANG_WARN_DOCUMENTATION_COMMENTS = YES;
				CLANG_WARN_EMPTY_BODY = YES;
				CLANG_WARN_ENUM_CONVERSION = YES;
				CLANG_WARN_INFINITE_RECURSION = YES;
				CLANG_WARN_INT_CONVERSION = YES;
				CLANG_WARN_NON_LITERAL_NULL_CONVERSION = YES;
				CLANG_WARN_OBJC_IMPLICIT_RETAIN_SELF = YES;
				CLANG_WARN_OBJC_LITERAL_CONVERSION = YES;
				CLANG_WARN_OBJC_ROOT_CLASS = YES_ERROR;
				CLANG_WARN_QUOTED_INCLUDE_IN_FRAMEWORK_HEADER = YES;
				CLANG_WARN_RANGE_LOOP_ANALYSIS = YES;
				CLANG_WARN_STRICT_PROTOTYPES = YES;
				CLANG_WARN_SUSPICIOUS_MOVE = YES;
				CLANG_WARN_UNGUARDED_AVAILABILITY = YES_AGGRESSIVE;
				CLANG_WARN_UNREACHABLE_CODE = YES;
				CLANG_WARN__DUPLICATE_METHOD_MATCH = YES;
				COPY_PHASE_STRIP = NO;
				DEBUG_INFORMATION_FORMAT = dwarf;
				ENABLE_STRICT_OBJC_MSGSEND = YES;
				ENABLE_TESTABILITY = YES;
				ENABLE_USER_SCRIPT_SANDBOXING = YES;
				GCC_C_LANGUAGE_STANDARD = gnu17;
				GCC_DYNAMIC_NO_PIC = NO;
				GCC_NO_COMMON_BLOCKS = YES;
				GCC_OPTIMIZATION_LEVEL = 0;
				GCC_PREPROCESSOR_DEFINITIONS = (
					"DEBUG=1",
					"$(inherited)",
				);
				GCC_WARN_64_TO_32_BIT_CONVERSION = YES;
				GCC_WARN_ABOUT_RETURN_TYPE = YES_ERROR;
				GCC_WARN_UNDECLARED_SELECTOR = YES;
				GCC_WARN_UNINITIALIZED_AUTOS = YES_AGGRESSIVE;
				GCC_WARN_UNUSED_FUNCTION = YES;
				GCC_WARN_UNUSED_VARIABLE = YES;
				IPHONEOS_DEPLOYMENT_TARGET = 17.5;
				LOCALIZATION_PREFERS_STRING_CATALOGS = YES;
				MTL_ENABLE_DEBUG_INFO = INCLUDE_SOURCE;
				MTL_FAST_MATH = YES;
				ONLY_ACTIVE_ARCH = YES;
				SDKROOT = iphoneos;
				SWIFT_ACTIVE_COMPILATION_CONDITIONS = "DEBUG $(inherited)";
				SWIFT_OPTIMIZATION_LEVEL = "-Onone";
			};
			name = Debug;
		};
		84CD25B02C22C8CB008EFC0E /* Release */ = {
			isa = XCBuildConfiguration;
			buildSettings = {
				ALWAYS_SEARCH_USER_PATHS = NO;
				ASSETCATALOG_COMPILER_GENERATE_SWIFT_ASSET_SYMBOL_EXTENSIONS = YES;
				CLANG_ANALYZER_NONNULL = YES;
				CLANG_ANALYZER_NUMBER_OBJECT_CONVERSION = YES_AGGRESSIVE;
				CLANG_CXX_LANGUAGE_STANDARD = "gnu++20";
				CLANG_ENABLE_MODULES = YES;
				CLANG_ENABLE_OBJC_ARC = YES;
				CLANG_ENABLE_OBJC_WEAK = YES;
				CLANG_WARN_BLOCK_CAPTURE_AUTORELEASING = YES;
				CLANG_WARN_BOOL_CONVERSION = YES;
				CLANG_WARN_COMMA = YES;
				CLANG_WARN_CONSTANT_CONVERSION = YES;
				CLANG_WARN_DEPRECATED_OBJC_IMPLEMENTATIONS = YES;
				CLANG_WARN_DIRECT_OBJC_ISA_USAGE = YES_ERROR;
				CLANG_WARN_DOCUMENTATION_COMMENTS = YES;
				CLANG_WARN_EMPTY_BODY = YES;
				CLANG_WARN_ENUM_CONVERSION = YES;
				CLANG_WARN_INFINITE_RECURSION = YES;
				CLANG_WARN_INT_CONVERSION = YES;
				CLANG_WARN_NON_LITERAL_NULL_CONVERSION = YES;
				CLANG_WARN_OBJC_IMPLICIT_RETAIN_SELF = YES;
				CLANG_WARN_OBJC_LITERAL_CONVERSION = YES;
				CLANG_WARN_OBJC_ROOT_CLASS = YES_ERROR;
				CLANG_WARN_QUOTED_INCLUDE_IN_FRAMEWORK_HEADER = YES;
				CLANG_WARN_RANGE_LOOP_ANALYSIS = YES;
				CLANG_WARN_STRICT_PROTOTYPES = YES;
				CLANG_WARN_SUSPICIOUS_MOVE = YES;
				CLANG_WARN_UNGUARDED_AVAILABILITY = YES_AGGRESSIVE;
				CLANG_WARN_UNREACHABLE_CODE = YES;
				CLANG_WARN__DUPLICATE_METHOD_MATCH = YES;
				COPY_PHASE_STRIP = NO;
				DEBUG_INFORMATION_FORMAT = "dwarf-with-dsym";
				ENABLE_NS_ASSERTIONS = NO;
				ENABLE_STRICT_OBJC_MSGSEND = YES;
				ENABLE_USER_SCRIPT_SANDBOXING = YES;
				GCC_C_LANGUAGE_STANDARD = gnu17;
				GCC_NO_COMMON_BLOCKS = YES;
				GCC_WARN_64_TO_32_BIT_CONVERSION = YES;
				GCC_WARN_ABOUT_RETURN_TYPE = YES_ERROR;
				GCC_WARN_UNDECLARED_SELECTOR = YES;
				GCC_WARN_UNINITIALIZED_AUTOS = YES_AGGRESSIVE;
				GCC_WARN_UNUSED_FUNCTION = YES;
				GCC_WARN_UNUSED_VARIABLE = YES;
				IPHONEOS_DEPLOYMENT_TARGET = 17.5;
				LOCALIZATION_PREFERS_STRING_CATALOGS = YES;
				MTL_ENABLE_DEBUG_INFO = NO;
				MTL_FAST_MATH = YES;
				SDKROOT = iphoneos;
				SWIFT_COMPILATION_MODE = wholemodule;
				VALIDATE_PRODUCT = YES;
			};
			name = Release;
		};
		84CD25B22C22C8CB008EFC0E /* Debug */ = {
			isa = XCBuildConfiguration;
			buildSettings = {
				ASSETCATALOG_COMPILER_APPICON_NAME = AppIcon;
				ASSETCATALOG_COMPILER_GLOBAL_ACCENT_COLOR_NAME = AccentColor;
				CODE_SIGN_STYLE = Automatic;
				CURRENT_PROJECT_VERSION = 1;
				GENERATE_INFOPLIST_FILE = YES;
				INFOPLIST_FILE = "QR Payment/Info.plist";
				INFOPLIST_KEY_LSApplicationCategoryType = "public.app-category.finance";
				INFOPLIST_KEY_UIApplicationSupportsIndirectInputEvents = YES;
				INFOPLIST_KEY_UILaunchStoryboardName = LaunchScreen;
				INFOPLIST_KEY_UIMainStoryboardFile = Main;
				INFOPLIST_KEY_UISupportedInterfaceOrientations_iPad = "UIInterfaceOrientationPortrait UIInterfaceOrientationPortraitUpsideDown UIInterfaceOrientationLandscapeLeft UIInterfaceOrientationLandscapeRight";
				INFOPLIST_KEY_UISupportedInterfaceOrientations_iPhone = "UIInterfaceOrientationPortrait UIInterfaceOrientationLandscapeLeft UIInterfaceOrientationLandscapeRight";
				LD_RUNPATH_SEARCH_PATHS = (
					"$(inherited)",
					"@executable_path/Frameworks",
				);
				MARKETING_VERSION = 1.0;
				PRODUCT_BUNDLE_IDENTIFIER = "com.geryjsumual.QR-Payment";
				PRODUCT_NAME = "$(TARGET_NAME)";
				SWIFT_EMIT_LOC_STRINGS = YES;
				SWIFT_VERSION = 5.0;
				TARGETED_DEVICE_FAMILY = "1,2";
			};
			name = Debug;
		};
		84CD25B32C22C8CB008EFC0E /* Release */ = {
			isa = XCBuildConfiguration;
			buildSettings = {
				ASSETCATALOG_COMPILER_APPICON_NAME = AppIcon;
				ASSETCATALOG_COMPILER_GLOBAL_ACCENT_COLOR_NAME = AccentColor;
				CODE_SIGN_STYLE = Automatic;
				CURRENT_PROJECT_VERSION = 1;
				GENERATE_INFOPLIST_FILE = YES;
				INFOPLIST_FILE = "QR Payment/Info.plist";
				INFOPLIST_KEY_LSApplicationCategoryType = "public.app-category.finance";
				INFOPLIST_KEY_UIApplicationSupportsIndirectInputEvents = YES;
				INFOPLIST_KEY_UILaunchStoryboardName = LaunchScreen;
				INFOPLIST_KEY_UIMainStoryboardFile = Main;
				INFOPLIST_KEY_UISupportedInterfaceOrientations_iPad = "UIInterfaceOrientationPortrait UIInterfaceOrientationPortraitUpsideDown UIInterfaceOrientationLandscapeLeft UIInterfaceOrientationLandscapeRight";
				INFOPLIST_KEY_UISupportedInterfaceOrientations_iPhone = "UIInterfaceOrientationPortrait UIInterfaceOrientationLandscapeLeft UIInterfaceOrientationLandscapeRight";
				LD_RUNPATH_SEARCH_PATHS = (
					"$(inherited)",
					"@executable_path/Frameworks",
				);
				MARKETING_VERSION = 1.0;
				PRODUCT_BUNDLE_IDENTIFIER = "com.geryjsumual.QR-Payment";
				PRODUCT_NAME = "$(TARGET_NAME)";
				SWIFT_EMIT_LOC_STRINGS = YES;
				SWIFT_VERSION = 5.0;
				TARGETED_DEVICE_FAMILY = "1,2";
			};
			name = Release;
		};
		84CD25B52C22C8CB008EFC0E /* Debug */ = {
			isa = XCBuildConfiguration;
			buildSettings = {
				ALWAYS_EMBED_SWIFT_STANDARD_LIBRARIES = YES;
				BUNDLE_LOADER = "$(TEST_HOST)";
				CODE_SIGN_STYLE = Automatic;
				CURRENT_PROJECT_VERSION = 1;
				GENERATE_INFOPLIST_FILE = YES;
				IPHONEOS_DEPLOYMENT_TARGET = 17.5;
				MARKETING_VERSION = 1.0;
				PRODUCT_BUNDLE_IDENTIFIER = "com.geryjsumual.QR-PaymentTests";
				PRODUCT_NAME = "$(TARGET_NAME)";
				SWIFT_EMIT_LOC_STRINGS = NO;
				SWIFT_VERSION = 5.0;
				TARGETED_DEVICE_FAMILY = "1,2";
				TEST_HOST = "$(BUILT_PRODUCTS_DIR)/QR Payment.app/$(BUNDLE_EXECUTABLE_FOLDER_PATH)/QR Payment";
			};
			name = Debug;
		};
		84CD25B62C22C8CB008EFC0E /* Release */ = {
			isa = XCBuildConfiguration;
			buildSettings = {
				ALWAYS_EMBED_SWIFT_STANDARD_LIBRARIES = YES;
				BUNDLE_LOADER = "$(TEST_HOST)";
				CODE_SIGN_STYLE = Automatic;
				CURRENT_PROJECT_VERSION = 1;
				GENERATE_INFOPLIST_FILE = YES;
				IPHONEOS_DEPLOYMENT_TARGET = 17.5;
				MARKETING_VERSION = 1.0;
				PRODUCT_BUNDLE_IDENTIFIER = "com.geryjsumual.QR-PaymentTests";
				PRODUCT_NAME = "$(TARGET_NAME)";
				SWIFT_EMIT_LOC_STRINGS = NO;
				SWIFT_VERSION = 5.0;
				TARGETED_DEVICE_FAMILY = "1,2";
				TEST_HOST = "$(BUILT_PRODUCTS_DIR)/QR Payment.app/$(BUNDLE_EXECUTABLE_FOLDER_PATH)/QR Payment";
			};
			name = Release;
		};
		84CD25B82C22C8CB008EFC0E /* Debug */ = {
			isa = XCBuildConfiguration;
			buildSettings = {
				ALWAYS_EMBED_SWIFT_STANDARD_LIBRARIES = YES;
				CODE_SIGN_STYLE = Automatic;
				CURRENT_PROJECT_VERSION = 1;
				GENERATE_INFOPLIST_FILE = YES;
				MARKETING_VERSION = 1.0;
				PRODUCT_BUNDLE_IDENTIFIER = "com.geryjsumual.QR-PaymentUITests";
				PRODUCT_NAME = "$(TARGET_NAME)";
				SWIFT_EMIT_LOC_STRINGS = NO;
				SWIFT_VERSION = 5.0;
				TARGETED_DEVICE_FAMILY = "1,2";
				TEST_TARGET_NAME = "QR Payment";
			};
			name = Debug;
		};
		84CD25B92C22C8CB008EFC0E /* Release */ = {
			isa = XCBuildConfiguration;
			buildSettings = {
				ALWAYS_EMBED_SWIFT_STANDARD_LIBRARIES = YES;
				CODE_SIGN_STYLE = Automatic;
				CURRENT_PROJECT_VERSION = 1;
				GENERATE_INFOPLIST_FILE = YES;
				MARKETING_VERSION = 1.0;
				PRODUCT_BUNDLE_IDENTIFIER = "com.geryjsumual.QR-PaymentUITests";
				PRODUCT_NAME = "$(TARGET_NAME)";
				SWIFT_EMIT_LOC_STRINGS = NO;
				SWIFT_VERSION = 5.0;
				TARGETED_DEVICE_FAMILY = "1,2";
				TEST_TARGET_NAME = "QR Payment";
			};
			name = Release;
		};
/* End XCBuildConfiguration section */

/* Begin XCConfigurationList section */
		84CD25822C22C8CA008EFC0E /* Build configuration list for PBXProject "QR Payment" */ = {
			isa = XCConfigurationList;
			buildConfigurations = (
				84CD25AF2C22C8CB008EFC0E /* Debug */,
				84CD25B02C22C8CB008EFC0E /* Release */,
			);
			defaultConfigurationIsVisible = 0;
			defaultConfigurationName = Release;
		};
		84CD25B12C22C8CB008EFC0E /* Build configuration list for PBXNativeTarget "QR Payment" */ = {
			isa = XCConfigurationList;
			buildConfigurations = (
				84CD25B22C22C8CB008EFC0E /* Debug */,
				84CD25B32C22C8CB008EFC0E /* Release */,
			);
			defaultConfigurationIsVisible = 0;
			defaultConfigurationName = Release;
		};
		84CD25B42C22C8CB008EFC0E /* Build configuration list for PBXNativeTarget "QR PaymentTests" */ = {
			isa = XCConfigurationList;
			buildConfigurations = (
				84CD25B52C22C8CB008EFC0E /* Debug */,
				84CD25B62C22C8CB008EFC0E /* Release */,
			);
			defaultConfigurationIsVisible = 0;
			defaultConfigurationName = Release;
		};
		84CD25B72C22C8CB008EFC0E /* Build configuration list for PBXNativeTarget "QR PaymentUITests" */ = {
			isa = XCConfigurationList;
			buildConfigurations = (
				84CD25B82C22C8CB008EFC0E /* Debug */,
				84CD25B92C22C8CB008EFC0E /* Release */,
			);
			defaultConfigurationIsVisible = 0;
			defaultConfigurationName = Release;
		};
/* End XCConfigurationList section */
	};
	rootObject = 84CD257F2C22C8CA008EFC0E /* Project object */;
}
